
Microsoft Visual Studio Solution File, Format Version 12.00
# Visual Studio Version 17
VisualStudioVersion = 17.0.32014.148
MinimumVisualStudioVersion = 10.0.40219.1
Project("{FAE04EC0-301F-11D3-BF4B-00C04F79EFBC}") = "LogicalProgram", "LogicalProgram.csproj", "{2279FE8B-2025-4CBD-ACB9-CF187586B3DE}"
EndProject
Global
	GlobalSection(SolutionConfigurationPlatforms) = preSolution
		Debug|Any CPU = Debug|Any CPU
		Release|Any CPU = Release|Any CPU
	EndGlobalSection
	GlobalSection(ProjectConfigurationPlatforms) = postSolution
		{2279FE8B-2025-4CBD-ACB9-CF187586B3DE}.Debug|Any CPU.ActiveCfg = Debug|Any CPU
		{2279FE8B-2025-4CBD-ACB9-CF187586B3DE}.Debug|Any CPU.Build.0 = Debug|Any CPU
		{2279FE8B-2025-4CBD-ACB9-CF187586B3DE}.Release|Any CPU.ActiveCfg = Release|Any CPU
		{2279FE8B-2025-4CBD-ACB9-CF187586B3DE}.Release|Any CPU.Build.0 = Release|Any CPU
	EndGlobalSection
	GlobalSection(SolutionProperties) = preSolution
		HideSolutionNode = FALSE
	EndGlobalSection
	GlobalSection(ExtensibilityGlobals) = postSolution
		SolutionGuid = {51BCB373-BF59-442B-ADB3-C986EA16E575}
	EndGlobalSection
EndGlobal
